// !$*UTF8*$!
{
	archiveVersion = 1;
	classes = {
	};
	objectVersion = 56;
	objects = {

/* Begin PBXBuildFile section */
		2E5CEA35C52A2E59850E59A6 /* Pods_Spotify_Clone.framework in Frameworks */ = {isa = PBXBuildFile; fileRef = 4F51CD29EE9885F31074C57B /* Pods_Spotify_Clone.framework */; };
		D403B52129D84D730057E6EE /* NewReleasesCellViewModel.swift in Sources */ = {isa = PBXBuildFile; fileRef = D403B52029D84D730057E6EE /* NewReleasesCellViewModel.swift */; };
		D43E12D729EB39150047B769 /* PlaylistHeaderViewModel.swift in Sources */ = {isa = PBXBuildFile; fileRef = D43E12D629EB39150047B769 /* PlaylistHeaderViewModel.swift */; };
		D45F04E929BACF910008E2FB /* AppDelegate.swift in Sources */ = {isa = PBXBuildFile; fileRef = D45F04E829BACF910008E2FB /* AppDelegate.swift */; };
		D45F04EB29BACF910008E2FB /* SceneDelegate.swift in Sources */ = {isa = PBXBuildFile; fileRef = D45F04EA29BACF910008E2FB /* SceneDelegate.swift */; };
		D45F04ED29BACF910008E2FB /* HomeVC.swift in Sources */ = {isa = PBXBuildFile; fileRef = D45F04EC29BACF910008E2FB /* HomeVC.swift */; };
		D45F04F229BACF910008E2FB /* Assets.xcassets in Resources */ = {isa = PBXBuildFile; fileRef = D45F04F129BACF910008E2FB /* Assets.xcassets */; };
		D45F04F529BACF910008E2FB /* LaunchScreen.storyboard in Resources */ = {isa = PBXBuildFile; fileRef = D45F04F329BACF910008E2FB /* LaunchScreen.storyboard */; };
		D45F050429BAD13A0008E2FB /* TabBarVC.swift in Sources */ = {isa = PBXBuildFile; fileRef = D45F050329BAD13A0008E2FB /* TabBarVC.swift */; };
		D45F050729BAD1AD0008E2FB /* SearchVC.swift in Sources */ = {isa = PBXBuildFile; fileRef = D45F050629BAD1AD0008E2FB /* SearchVC.swift */; };
		D45F050929BAD1C40008E2FB /* LibraryVC.swift in Sources */ = {isa = PBXBuildFile; fileRef = D45F050829BAD1C40008E2FB /* LibraryVC.swift */; };
		D45F050C29BAD1FF0008E2FB /* AuthVC.swift in Sources */ = {isa = PBXBuildFile; fileRef = D45F050B29BAD1FF0008E2FB /* AuthVC.swift */; };
		D45F050E29BAD20D0008E2FB /* WelcomeVC.swift in Sources */ = {isa = PBXBuildFile; fileRef = D45F050D29BAD20D0008E2FB /* WelcomeVC.swift */; };
		D45F051029BAD2280008E2FB /* SettingsVC.swift in Sources */ = {isa = PBXBuildFile; fileRef = D45F050F29BAD2280008E2FB /* SettingsVC.swift */; };
		D45F051229BAD2380008E2FB /* ProfileVC.swift in Sources */ = {isa = PBXBuildFile; fileRef = D45F051129BAD2380008E2FB /* ProfileVC.swift */; };
		D45F051429BAD24B0008E2FB /* PlayerVC.swift in Sources */ = {isa = PBXBuildFile; fileRef = D45F051329BAD24B0008E2FB /* PlayerVC.swift */; };
		D45F051629BAD25A0008E2FB /* PlaylistVC.swift in Sources */ = {isa = PBXBuildFile; fileRef = D45F051529BAD25A0008E2FB /* PlaylistVC.swift */; };
		D45F051829BAD26E0008E2FB /* SearchResultVC.swift in Sources */ = {isa = PBXBuildFile; fileRef = D45F051729BAD26E0008E2FB /* SearchResultVC.swift */; };
		D45F051A29BAD28E0008E2FB /* AuthManager.swift in Sources */ = {isa = PBXBuildFile; fileRef = D45F051929BAD28E0008E2FB /* AuthManager.swift */; };
		D45F051C29BAD29A0008E2FB /* APICaller.swift in Sources */ = {isa = PBXBuildFile; fileRef = D45F051B29BAD29A0008E2FB /* APICaller.swift */; };
		D45F051E29BAD2AE0008E2FB /* HapticsManager.swift in Sources */ = {isa = PBXBuildFile; fileRef = D45F051D29BAD2AE0008E2FB /* HapticsManager.swift */; };
		D45F052029BAD2C20008E2FB /* Playlist.swift in Sources */ = {isa = PBXBuildFile; fileRef = D45F051F29BAD2C20008E2FB /* Playlist.swift */; };
		D45F052229BAD2CF0008E2FB /* AudioTrack.swift in Sources */ = {isa = PBXBuildFile; fileRef = D45F052129BAD2CF0008E2FB /* AudioTrack.swift */; };
		D45F052429BAD2DA0008E2FB /* Artist.swift in Sources */ = {isa = PBXBuildFile; fileRef = D45F052329BAD2DA0008E2FB /* Artist.swift */; };
		D45F052629BAD2EF0008E2FB /* UserProfile.swift in Sources */ = {isa = PBXBuildFile; fileRef = D45F052529BAD2EF0008E2FB /* UserProfile.swift */; };
		D45F052829BE290A0008E2FB /* Extensions.swift in Sources */ = {isa = PBXBuildFile; fileRef = D45F052729BE290A0008E2FB /* Extensions.swift */; };
		D45F052A29C191130008E2FB /* AuthResponse.swift in Sources */ = {isa = PBXBuildFile; fileRef = D45F052929C191130008E2FB /* AuthResponse.swift */; };
		D47D244E29D3076300216DEA /* FeaturedPlaylistsResponse.swift in Sources */ = {isa = PBXBuildFile; fileRef = D47D244D29D3076300216DEA /* FeaturedPlaylistsResponse.swift */; };
		D47D245029D32D6100216DEA /* RecommendedGenresResponse.swift in Sources */ = {isa = PBXBuildFile; fileRef = D47D244F29D32D6100216DEA /* RecommendedGenresResponse.swift */; };
		D47D245229D387B200216DEA /* RecommendationsResponse.swift in Sources */ = {isa = PBXBuildFile; fileRef = D47D245129D387B200216DEA /* RecommendationsResponse.swift */; };
		D47D245729D84B0700216DEA /* NewReleaseCollectionViewCell.swift in Sources */ = {isa = PBXBuildFile; fileRef = D47D245629D84B0700216DEA /* NewReleaseCollectionViewCell.swift */; };
		D47D245929D84B4000216DEA /* FeaturedPlaylistCollectionViewCell.swift in Sources */ = {isa = PBXBuildFile; fileRef = D47D245829D84B4000216DEA /* FeaturedPlaylistCollectionViewCell.swift */; };
		D47D245C29D84B6D00216DEA /* RecommendedTrackCollectionViewCell.swift in Sources */ = {isa = PBXBuildFile; fileRef = D47D245B29D84B6D00216DEA /* RecommendedTrackCollectionViewCell.swift */; };
		D4B7469D29C99AD2003734EC /* SettingsModels.swift in Sources */ = {isa = PBXBuildFile; fileRef = D4B7469C29C99AD2003734EC /* SettingsModels.swift */; };
		D4DC434C29DF5D75009A9AAF /* FeaturedPlaylistCellViewModel.swift in Sources */ = {isa = PBXBuildFile; fileRef = D4DC434B29DF5D75009A9AAF /* FeaturedPlaylistCellViewModel.swift */; };
		D4DC434E29DF5DC8009A9AAF /* RecommendedTrackCellViewModel.swift in Sources */ = {isa = PBXBuildFile; fileRef = D4DC434D29DF5DC8009A9AAF /* RecommendedTrackCellViewModel.swift */; };
		D4EA9D2129CE81C20072132D /* NewReleasesResponse.swift in Sources */ = {isa = PBXBuildFile; fileRef = D4EA9D2029CE81C20072132D /* NewReleasesResponse.swift */; };
		D4EA9D2329CE8A280072132D /* APIImage.swift in Sources */ = {isa = PBXBuildFile; fileRef = D4EA9D2229CE8A280072132D /* APIImage.swift */; };
		D4EACEB929E3367600F10118 /* AlbumVC.swift in Sources */ = {isa = PBXBuildFile; fileRef = D4EACEB829E3367600F10118 /* AlbumVC.swift */; };
		D4EACEBB29E3506F00F10118 /* AlbumDetailsResponse.swift in Sources */ = {isa = PBXBuildFile; fileRef = D4EACEBA29E3506F00F10118 /* AlbumDetailsResponse.swift */; };
		D4EACEBD29E35D3400F10118 /* PlaylistDetailsResponse.swift in Sources */ = {isa = PBXBuildFile; fileRef = D4EACEBC29E35D3400F10118 /* PlaylistDetailsResponse.swift */; };
		D4EACEBF29EA937100F10118 /* PlaylistHeaderCollectionReusableView.swift in Sources */ = {isa = PBXBuildFile; fileRef = D4EACEBE29EA937100F10118 /* PlaylistHeaderCollectionReusableView.swift */; };
/* End PBXBuildFile section */

/* Begin PBXFileReference section */
		4F51CD29EE9885F31074C57B /* Pods_Spotify_Clone.framework */ = {isa = PBXFileReference; explicitFileType = wrapper.framework; includeInIndex = 0; path = Pods_Spotify_Clone.framework; sourceTree = BUILT_PRODUCTS_DIR; };
		90FD213E79C199753A156DE9 /* Pods-Spotify-Clone.release.xcconfig */ = {isa = PBXFileReference; includeInIndex = 1; lastKnownFileType = text.xcconfig; name = "Pods-Spotify-Clone.release.xcconfig"; path = "Target Support Files/Pods-Spotify-Clone/Pods-Spotify-Clone.release.xcconfig"; sourceTree = "<group>"; };
		B5F64DDB9B22BFF7117889B3 /* Pods-Spotify-Clone.debug.xcconfig */ = {isa = PBXFileReference; includeInIndex = 1; lastKnownFileType = text.xcconfig; name = "Pods-Spotify-Clone.debug.xcconfig"; path = "Target Support Files/Pods-Spotify-Clone/Pods-Spotify-Clone.debug.xcconfig"; sourceTree = "<group>"; };
		D403B52029D84D730057E6EE /* NewReleasesCellViewModel.swift */ = {isa = PBXFileReference; lastKnownFileType = sourcecode.swift; path = NewReleasesCellViewModel.swift; sourceTree = "<group>"; };
		D43E12D629EB39150047B769 /* PlaylistHeaderViewModel.swift */ = {isa = PBXFileReference; lastKnownFileType = sourcecode.swift; path = PlaylistHeaderViewModel.swift; sourceTree = "<group>"; };
		D45F04E529BACF910008E2FB /* Spotify-Clone.app */ = {isa = PBXFileReference; explicitFileType = wrapper.application; includeInIndex = 0; path = "Spotify-Clone.app"; sourceTree = BUILT_PRODUCTS_DIR; };
		D45F04E829BACF910008E2FB /* AppDelegate.swift */ = {isa = PBXFileReference; lastKnownFileType = sourcecode.swift; path = AppDelegate.swift; sourceTree = "<group>"; };
		D45F04EA29BACF910008E2FB /* SceneDelegate.swift */ = {isa = PBXFileReference; lastKnownFileType = sourcecode.swift; path = SceneDelegate.swift; sourceTree = "<group>"; };
		D45F04EC29BACF910008E2FB /* HomeVC.swift */ = {isa = PBXFileReference; lastKnownFileType = sourcecode.swift; path = HomeVC.swift; sourceTree = "<group>"; };
		D45F04F129BACF910008E2FB /* Assets.xcassets */ = {isa = PBXFileReference; lastKnownFileType = folder.assetcatalog; path = Assets.xcassets; sourceTree = "<group>"; };
		D45F04F429BACF910008E2FB /* Base */ = {isa = PBXFileReference; lastKnownFileType = file.storyboard; name = Base; path = Base.lproj/LaunchScreen.storyboard; sourceTree = "<group>"; };
		D45F04F629BACF910008E2FB /* Info.plist */ = {isa = PBXFileReference; lastKnownFileType = text.plist.xml; path = Info.plist; sourceTree = "<group>"; };
		D45F050329BAD13A0008E2FB /* TabBarVC.swift */ = {isa = PBXFileReference; lastKnownFileType = sourcecode.swift; path = TabBarVC.swift; sourceTree = "<group>"; };
		D45F050629BAD1AD0008E2FB /* SearchVC.swift */ = {isa = PBXFileReference; lastKnownFileType = sourcecode.swift; path = SearchVC.swift; sourceTree = "<group>"; };
		D45F050829BAD1C40008E2FB /* LibraryVC.swift */ = {isa = PBXFileReference; lastKnownFileType = sourcecode.swift; path = LibraryVC.swift; sourceTree = "<group>"; };
		D45F050B29BAD1FF0008E2FB /* AuthVC.swift */ = {isa = PBXFileReference; lastKnownFileType = sourcecode.swift; path = AuthVC.swift; sourceTree = "<group>"; };
		D45F050D29BAD20D0008E2FB /* WelcomeVC.swift */ = {isa = PBXFileReference; lastKnownFileType = sourcecode.swift; path = WelcomeVC.swift; sourceTree = "<group>"; };
		D45F050F29BAD2280008E2FB /* SettingsVC.swift */ = {isa = PBXFileReference; lastKnownFileType = sourcecode.swift; path = SettingsVC.swift; sourceTree = "<group>"; };
		D45F051129BAD2380008E2FB /* ProfileVC.swift */ = {isa = PBXFileReference; lastKnownFileType = sourcecode.swift; path = ProfileVC.swift; sourceTree = "<group>"; };
		D45F051329BAD24B0008E2FB /* PlayerVC.swift */ = {isa = PBXFileReference; lastKnownFileType = sourcecode.swift; path = PlayerVC.swift; sourceTree = "<group>"; };
		D45F051529BAD25A0008E2FB /* PlaylistVC.swift */ = {isa = PBXFileReference; lastKnownFileType = sourcecode.swift; path = PlaylistVC.swift; sourceTree = "<group>"; };
		D45F051729BAD26E0008E2FB /* SearchResultVC.swift */ = {isa = PBXFileReference; lastKnownFileType = sourcecode.swift; path = SearchResultVC.swift; sourceTree = "<group>"; };
		D45F051929BAD28E0008E2FB /* AuthManager.swift */ = {isa = PBXFileReference; lastKnownFileType = sourcecode.swift; path = AuthManager.swift; sourceTree = "<group>"; };
		D45F051B29BAD29A0008E2FB /* APICaller.swift */ = {isa = PBXFileReference; lastKnownFileType = sourcecode.swift; path = APICaller.swift; sourceTree = "<group>"; };
		D45F051D29BAD2AE0008E2FB /* HapticsManager.swift */ = {isa = PBXFileReference; lastKnownFileType = sourcecode.swift; path = HapticsManager.swift; sourceTree = "<group>"; };
		D45F051F29BAD2C20008E2FB /* Playlist.swift */ = {isa = PBXFileReference; lastKnownFileType = sourcecode.swift; path = Playlist.swift; sourceTree = "<group>"; };
		D45F052129BAD2CF0008E2FB /* AudioTrack.swift */ = {isa = PBXFileReference; lastKnownFileType = sourcecode.swift; path = AudioTrack.swift; sourceTree = "<group>"; };
		D45F052329BAD2DA0008E2FB /* Artist.swift */ = {isa = PBXFileReference; lastKnownFileType = sourcecode.swift; path = Artist.swift; sourceTree = "<group>"; };
		D45F052529BAD2EF0008E2FB /* UserProfile.swift */ = {isa = PBXFileReference; lastKnownFileType = sourcecode.swift; path = UserProfile.swift; sourceTree = "<group>"; };
		D45F052729BE290A0008E2FB /* Extensions.swift */ = {isa = PBXFileReference; lastKnownFileType = sourcecode.swift; path = Extensions.swift; sourceTree = "<group>"; };
		D45F052929C191130008E2FB /* AuthResponse.swift */ = {isa = PBXFileReference; lastKnownFileType = sourcecode.swift; path = AuthResponse.swift; sourceTree = "<group>"; };
		D47D244D29D3076300216DEA /* FeaturedPlaylistsResponse.swift */ = {isa = PBXFileReference; lastKnownFileType = sourcecode.swift; path = FeaturedPlaylistsResponse.swift; sourceTree = "<group>"; };
		D47D244F29D32D6100216DEA /* RecommendedGenresResponse.swift */ = {isa = PBXFileReference; lastKnownFileType = sourcecode.swift; path = RecommendedGenresResponse.swift; sourceTree = "<group>"; };
		D47D245129D387B200216DEA /* RecommendationsResponse.swift */ = {isa = PBXFileReference; lastKnownFileType = sourcecode.swift; path = RecommendationsResponse.swift; sourceTree = "<group>"; };
		D47D245629D84B0700216DEA /* NewReleaseCollectionViewCell.swift */ = {isa = PBXFileReference; lastKnownFileType = sourcecode.swift; path = NewReleaseCollectionViewCell.swift; sourceTree = "<group>"; };
		D47D245829D84B4000216DEA /* FeaturedPlaylistCollectionViewCell.swift */ = {isa = PBXFileReference; lastKnownFileType = sourcecode.swift; path = FeaturedPlaylistCollectionViewCell.swift; sourceTree = "<group>"; };
		D47D245B29D84B6D00216DEA /* RecommendedTrackCollectionViewCell.swift */ = {isa = PBXFileReference; lastKnownFileType = sourcecode.swift; path = RecommendedTrackCollectionViewCell.swift; sourceTree = "<group>"; };
		D4B7469C29C99AD2003734EC /* SettingsModels.swift */ = {isa = PBXFileReference; lastKnownFileType = sourcecode.swift; path = SettingsModels.swift; sourceTree = "<group>"; };
		D4DC434B29DF5D75009A9AAF /* FeaturedPlaylistCellViewModel.swift */ = {isa = PBXFileReference; lastKnownFileType = sourcecode.swift; path = FeaturedPlaylistCellViewModel.swift; sourceTree = "<group>"; };
		D4DC434D29DF5DC8009A9AAF /* RecommendedTrackCellViewModel.swift */ = {isa = PBXFileReference; lastKnownFileType = sourcecode.swift; path = RecommendedTrackCellViewModel.swift; sourceTree = "<group>"; };
		D4EA9D2029CE81C20072132D /* NewReleasesResponse.swift */ = {isa = PBXFileReference; lastKnownFileType = sourcecode.swift; path = NewReleasesResponse.swift; sourceTree = "<group>"; };
		D4EA9D2229CE8A280072132D /* APIImage.swift */ = {isa = PBXFileReference; lastKnownFileType = sourcecode.swift; path = APIImage.swift; sourceTree = "<group>"; };
		D4EACEB829E3367600F10118 /* AlbumVC.swift */ = {isa = PBXFileReference; lastKnownFileType = sourcecode.swift; path = AlbumVC.swift; sourceTree = "<group>"; };
		D4EACEBA29E3506F00F10118 /* AlbumDetailsResponse.swift */ = {isa = PBXFileReference; lastKnownFileType = sourcecode.swift; path = AlbumDetailsResponse.swift; sourceTree = "<group>"; };
		D4EACEBC29E35D3400F10118 /* PlaylistDetailsResponse.swift */ = {isa = PBXFileReference; lastKnownFileType = sourcecode.swift; path = PlaylistDetailsResponse.swift; sourceTree = "<group>"; };
		D4EACEBE29EA937100F10118 /* PlaylistHeaderCollectionReusableView.swift */ = {isa = PBXFileReference; lastKnownFileType = sourcecode.swift; path = PlaylistHeaderCollectionReusableView.swift; sourceTree = "<group>"; };
/* End PBXFileReference section */

/* Begin PBXFrameworksBuildPhase section */
		D45F04E229BACF910008E2FB /* Frameworks */ = {
			isa = PBXFrameworksBuildPhase;
			buildActionMask = 2147483647;
			files = (
				2E5CEA35C52A2E59850E59A6 /* Pods_Spotify_Clone.framework in Frameworks */,
			);
			runOnlyForDeploymentPostprocessing = 0;
		};
/* End PBXFrameworksBuildPhase section */

/* Begin PBXGroup section */
		76AD1FF01D6D290C3F4829B1 /* Pods */ = {
			isa = PBXGroup;
			children = (
				B5F64DDB9B22BFF7117889B3 /* Pods-Spotify-Clone.debug.xcconfig */,
				90FD213E79C199753A156DE9 /* Pods-Spotify-Clone.release.xcconfig */,
			);
			path = Pods;
			sourceTree = "<group>";
		};
		D45F04DC29BACF910008E2FB = {
			isa = PBXGroup;
			children = (
				D45F04E729BACF910008E2FB /* Spotify-Clone */,
				D45F04E629BACF910008E2FB /* Products */,
				76AD1FF01D6D290C3F4829B1 /* Pods */,
				E1CA867689C1FDECE8BC97F4 /* Frameworks */,
			);
			sourceTree = "<group>";
		};
		D45F04E629BACF910008E2FB /* Products */ = {
			isa = PBXGroup;
			children = (
				D45F04E529BACF910008E2FB /* Spotify-Clone.app */,
			);
			name = Products;
			sourceTree = "<group>";
		};
		D45F04E729BACF910008E2FB /* Spotify-Clone */ = {
			isa = PBXGroup;
			children = (
				D45F050129BAD0FB0008E2FB /* Resources */,
				D45F050029BAD0F60008E2FB /* Managers */,
				D45F04FF29BAD0E80008E2FB /* ViewModels */,
				D45F04FE29BAD0E20008E2FB /* Models */,
				D45F04FD29BAD0DC0008E2FB /* Views */,
				D45F04FC29BAD0D50008E2FB /* Controllers */,
				D45F04F629BACF910008E2FB /* Info.plist */,
			);
			path = "Spotify-Clone";
			sourceTree = "<group>";
		};
		D45F04FC29BAD0D50008E2FB /* Controllers */ = {
			isa = PBXGroup;
			children = (
				D45F050529BAD18B0008E2FB /* Core */,
				D45F050A29BAD1DF0008E2FB /* Other */,
			);
			path = Controllers;
			sourceTree = "<group>";
		};
		D45F04FD29BAD0DC0008E2FB /* Views */ = {
			isa = PBXGroup;
			children = (
				D47D245529D84AEE00216DEA /* Browse */,
				D45F04F329BACF910008E2FB /* LaunchScreen.storyboard */,
				D4EACEBE29EA937100F10118 /* PlaylistHeaderCollectionReusableView.swift */,
			);
			path = Views;
			sourceTree = "<group>";
		};
		D45F04FE29BAD0E20008E2FB /* Models */ = {
			isa = PBXGroup;
			children = (
				D45F051F29BAD2C20008E2FB /* Playlist.swift */,
				D45F052129BAD2CF0008E2FB /* AudioTrack.swift */,
				D45F052329BAD2DA0008E2FB /* Artist.swift */,
				D45F052529BAD2EF0008E2FB /* UserProfile.swift */,
				D45F052929C191130008E2FB /* AuthResponse.swift */,
				D4B7469C29C99AD2003734EC /* SettingsModels.swift */,
				D4EA9D2029CE81C20072132D /* NewReleasesResponse.swift */,
				D4EA9D2229CE8A280072132D /* APIImage.swift */,
				D47D244D29D3076300216DEA /* FeaturedPlaylistsResponse.swift */,
				D47D244F29D32D6100216DEA /* RecommendedGenresResponse.swift */,
				D47D245129D387B200216DEA /* RecommendationsResponse.swift */,
				D4EACEBA29E3506F00F10118 /* AlbumDetailsResponse.swift */,
				D4EACEBC29E35D3400F10118 /* PlaylistDetailsResponse.swift */,
			);
			path = Models;
			sourceTree = "<group>";
		};
		D45F04FF29BAD0E80008E2FB /* ViewModels */ = {
			isa = PBXGroup;
			children = (
				D403B52029D84D730057E6EE /* NewReleasesCellViewModel.swift */,
				D4DC434B29DF5D75009A9AAF /* FeaturedPlaylistCellViewModel.swift */,
				D4DC434D29DF5DC8009A9AAF /* RecommendedTrackCellViewModel.swift */,
				D43E12D629EB39150047B769 /* PlaylistHeaderViewModel.swift */,
			);
			path = ViewModels;
			sourceTree = "<group>";
		};
		D45F050029BAD0F60008E2FB /* Managers */ = {
			isa = PBXGroup;
			children = (
				D45F051929BAD28E0008E2FB /* AuthManager.swift */,
				D45F051B29BAD29A0008E2FB /* APICaller.swift */,
				D45F051D29BAD2AE0008E2FB /* HapticsManager.swift */,
			);
			path = Managers;
			sourceTree = "<group>";
		};
		D45F050129BAD0FB0008E2FB /* Resources */ = {
			isa = PBXGroup;
			children = (
				D45F04E829BACF910008E2FB /* AppDelegate.swift */,
				D45F04EA29BACF910008E2FB /* SceneDelegate.swift */,
				D45F04F129BACF910008E2FB /* Assets.xcassets */,
				D45F052729BE290A0008E2FB /* Extensions.swift */,
			);
			path = Resources;
			sourceTree = "<group>";
		};
		D45F050529BAD18B0008E2FB /* Core */ = {
			isa = PBXGroup;
			children = (
				D45F050329BAD13A0008E2FB /* TabBarVC.swift */,
				D45F04EC29BACF910008E2FB /* HomeVC.swift */,
				D45F050629BAD1AD0008E2FB /* SearchVC.swift */,
				D45F050829BAD1C40008E2FB /* LibraryVC.swift */,
			);
			path = Core;
			sourceTree = "<group>";
		};
		D45F050A29BAD1DF0008E2FB /* Other */ = {
			isa = PBXGroup;
			children = (
				D45F050B29BAD1FF0008E2FB /* AuthVC.swift */,
				D45F050D29BAD20D0008E2FB /* WelcomeVC.swift */,
				D45F050F29BAD2280008E2FB /* SettingsVC.swift */,
				D45F051129BAD2380008E2FB /* ProfileVC.swift */,
				D45F051329BAD24B0008E2FB /* PlayerVC.swift */,
				D45F051529BAD25A0008E2FB /* PlaylistVC.swift */,
				D45F051729BAD26E0008E2FB /* SearchResultVC.swift */,
				D4EACEB829E3367600F10118 /* AlbumVC.swift */,
			);
			path = Other;
			sourceTree = "<group>";
		};
		D47D245529D84AEE00216DEA /* Browse */ = {
			isa = PBXGroup;
			children = (
				D47D245629D84B0700216DEA /* NewReleaseCollectionViewCell.swift */,
				D47D245829D84B4000216DEA /* FeaturedPlaylistCollectionViewCell.swift */,
				D47D245B29D84B6D00216DEA /* RecommendedTrackCollectionViewCell.swift */,
			);
			path = Browse;
			sourceTree = "<group>";
		};
		E1CA867689C1FDECE8BC97F4 /* Frameworks */ = {
			isa = PBXGroup;
			children = (
				4F51CD29EE9885F31074C57B /* Pods_Spotify_Clone.framework */,
			);
			name = Frameworks;
			sourceTree = "<group>";
		};
/* End PBXGroup section */

/* Begin PBXNativeTarget section */
		D45F04E429BACF910008E2FB /* Spotify-Clone */ = {
			isa = PBXNativeTarget;
			buildConfigurationList = D45F04F929BACF910008E2FB /* Build configuration list for PBXNativeTarget "Spotify-Clone" */;
			buildPhases = (
				859305C3BE5D12717D12B0D0 /* [CP] Check Pods Manifest.lock */,
				D45F04E129BACF910008E2FB /* Sources */,
				D45F04E229BACF910008E2FB /* Frameworks */,
				D45F04E329BACF910008E2FB /* Resources */,
				9AE9B3157C90D19CC6B6A817 /* [CP] Embed Pods Frameworks */,
			);
			buildRules = (
			);
			dependencies = (
			);
			name = "Spotify-Clone";
			productName = "Spotify-Clone";
			productReference = D45F04E529BACF910008E2FB /* Spotify-Clone.app */;
			productType = "com.apple.product-type.application";
		};
/* End PBXNativeTarget section */

/* Begin PBXProject section */
		D45F04DD29BACF910008E2FB /* Project object */ = {
			isa = PBXProject;
			attributes = {
				BuildIndependentTargetsInParallel = 1;
				LastSwiftUpdateCheck = 1420;
				LastUpgradeCheck = 1420;
				TargetAttributes = {
					D45F04E429BACF910008E2FB = {
						CreatedOnToolsVersion = 14.2;
					};
				};
			};
			buildConfigurationList = D45F04E029BACF910008E2FB /* Build configuration list for PBXProject "Spotify-Clone" */;
			compatibilityVersion = "Xcode 14.0";
			developmentRegion = en;
			hasScannedForEncodings = 0;
			knownRegions = (
				en,
				Base,
			);
			mainGroup = D45F04DC29BACF910008E2FB;
			productRefGroup = D45F04E629BACF910008E2FB /* Products */;
			projectDirPath = "";
			projectRoot = "";
			targets = (
				D45F04E429BACF910008E2FB /* Spotify-Clone */,
			);
		};
/* End PBXProject section */

/* Begin PBXResourcesBuildPhase section */
		D45F04E329BACF910008E2FB /* Resources */ = {
			isa = PBXResourcesBuildPhase;
			buildActionMask = 2147483647;
			files = (
				D45F04F529BACF910008E2FB /* LaunchScreen.storyboard in Resources */,
				D45F04F229BACF910008E2FB /* Assets.xcassets in Resources */,
			);
			runOnlyForDeploymentPostprocessing = 0;
		};
/* End PBXResourcesBuildPhase section */

/* Begin PBXShellScriptBuildPhase section */
		859305C3BE5D12717D12B0D0 /* [CP] Check Pods Manifest.lock */ = {
			isa = PBXShellScriptBuildPhase;
			buildActionMask = 2147483647;
			files = (
			);
			inputFileListPaths = (
			);
			inputPaths = (
				"${PODS_PODFILE_DIR_PATH}/Podfile.lock",
				"${PODS_ROOT}/Manifest.lock",
			);
			name = "[CP] Check Pods Manifest.lock";
			outputFileListPaths = (
			);
			outputPaths = (
				"$(DERIVED_FILE_DIR)/Pods-Spotify-Clone-checkManifestLockResult.txt",
			);
			runOnlyForDeploymentPostprocessing = 0;
			shellPath = /bin/sh;
			shellScript = "diff \"${PODS_PODFILE_DIR_PATH}/Podfile.lock\" \"${PODS_ROOT}/Manifest.lock\" > /dev/null\nif [ $? != 0 ] ; then\n    # print error to STDERR\n    echo \"error: The sandbox is not in sync with the Podfile.lock. Run 'pod install' or update your CocoaPods installation.\" >&2\n    exit 1\nfi\n# This output is used by Xcode 'outputs' to avoid re-running this script phase.\necho \"SUCCESS\" > \"${SCRIPT_OUTPUT_FILE_0}\"\n";
			showEnvVarsInLog = 0;
		};
		9AE9B3157C90D19CC6B6A817 /* [CP] Embed Pods Frameworks */ = {
			isa = PBXShellScriptBuildPhase;
			buildActionMask = 2147483647;
			files = (
			);
			inputFileListPaths = (
				"${PODS_ROOT}/Target Support Files/Pods-Spotify-Clone/Pods-Spotify-Clone-frameworks-${CONFIGURATION}-input-files.xcfilelist",
			);
			name = "[CP] Embed Pods Frameworks";
			outputFileListPaths = (
				"${PODS_ROOT}/Target Support Files/Pods-Spotify-Clone/Pods-Spotify-Clone-frameworks-${CONFIGURATION}-output-files.xcfilelist",
			);
			runOnlyForDeploymentPostprocessing = 0;
			shellPath = /bin/sh;
			shellScript = "\"${PODS_ROOT}/Target Support Files/Pods-Spotify-Clone/Pods-Spotify-Clone-frameworks.sh\"\n";
			showEnvVarsInLog = 0;
		};
/* End PBXShellScriptBuildPhase section */

/* Begin PBXSourcesBuildPhase section */
		D45F04E129BACF910008E2FB /* Sources */ = {
			isa = PBXSourcesBuildPhase;
			buildActionMask = 2147483647;
			files = (
				D45F051229BAD2380008E2FB /* ProfileVC.swift in Sources */,
				D4EACEBD29E35D3400F10118 /* PlaylistDetailsResponse.swift in Sources */,
				D45F052029BAD2C20008E2FB /* Playlist.swift in Sources */,
				D45F051A29BAD28E0008E2FB /* AuthManager.swift in Sources */,
				D403B52129D84D730057E6EE /* NewReleasesCellViewModel.swift in Sources */,
				D45F04ED29BACF910008E2FB /* HomeVC.swift in Sources */,
				D4DC434C29DF5D75009A9AAF /* FeaturedPlaylistCellViewModel.swift in Sources */,
				D4EACEB929E3367600F10118 /* AlbumVC.swift in Sources */,
				D4EA9D2329CE8A280072132D /* APIImage.swift in Sources */,
				D47D245C29D84B6D00216DEA /* RecommendedTrackCollectionViewCell.swift in Sources */,
				D45F051629BAD25A0008E2FB /* PlaylistVC.swift in Sources */,
				D45F050729BAD1AD0008E2FB /* SearchVC.swift in Sources */,
				D45F050929BAD1C40008E2FB /* LibraryVC.swift in Sources */,
				D45F051E29BAD2AE0008E2FB /* HapticsManager.swift in Sources */,
				D45F052A29C191130008E2FB /* AuthResponse.swift in Sources */,
				D4EA9D2129CE81C20072132D /* NewReleasesResponse.swift in Sources */,
				D47D245229D387B200216DEA /* RecommendationsResponse.swift in Sources */,
				D45F052229BAD2CF0008E2FB /* AudioTrack.swift in Sources */,
				D4DC434E29DF5DC8009A9AAF /* RecommendedTrackCellViewModel.swift in Sources */,
				D45F04E929BACF910008E2FB /* AppDelegate.swift in Sources */,
				D47D245729D84B0700216DEA /* NewReleaseCollectionViewCell.swift in Sources */,
				D45F051829BAD26E0008E2FB /* SearchResultVC.swift in Sources */,
				D47D245929D84B4000216DEA /* FeaturedPlaylistCollectionViewCell.swift in Sources */,
				D45F050C29BAD1FF0008E2FB /* AuthVC.swift in Sources */,
				D45F052629BAD2EF0008E2FB /* UserProfile.swift in Sources */,
				D45F052829BE290A0008E2FB /* Extensions.swift in Sources */,
				D4EACEBF29EA937100F10118 /* PlaylistHeaderCollectionReusableView.swift in Sources */,
				D45F050429BAD13A0008E2FB /* TabBarVC.swift in Sources */,
				D45F052429BAD2DA0008E2FB /* Artist.swift in Sources */,
				D4B7469D29C99AD2003734EC /* SettingsModels.swift in Sources */,
				D43E12D729EB39150047B769 /* PlaylistHeaderViewModel.swift in Sources */,
				D45F04EB29BACF910008E2FB /* SceneDelegate.swift in Sources */,
				D45F050E29BAD20D0008E2FB /* WelcomeVC.swift in Sources */,
				D45F051029BAD2280008E2FB /* SettingsVC.swift in Sources */,
				D4EACEBB29E3506F00F10118 /* AlbumDetailsResponse.swift in Sources */,
				D45F051C29BAD29A0008E2FB /* APICaller.swift in Sources */,
				D47D244E29D3076300216DEA /* FeaturedPlaylistsResponse.swift in Sources */,
				D45F051429BAD24B0008E2FB /* PlayerVC.swift in Sources */,
				D47D245029D32D6100216DEA /* RecommendedGenresResponse.swift in Sources */,
			);
			runOnlyForDeploymentPostprocessing = 0;
		};
/* End PBXSourcesBuildPhase section */

/* Begin PBXVariantGroup section */
		D45F04F329BACF910008E2FB /* LaunchScreen.storyboard */ = {
			isa = PBXVariantGroup;
			children = (
				D45F04F429BACF910008E2FB /* Base */,
			);
			name = LaunchScreen.storyboard;
			sourceTree = "<group>";
		};
/* End PBXVariantGroup section */

/* Begin XCBuildConfiguration section */
		D45F04F729BACF910008E2FB /* Debug */ = {
			isa = XCBuildConfiguration;
			buildSettings = {
				ALWAYS_SEARCH_USER_PATHS = NO;
				CLANG_ANALYZER_NONNULL = YES;
				CLANG_ANALYZER_NUMBER_OBJECT_CONVERSION = YES_AGGRESSIVE;
				CLANG_CXX_LANGUAGE_STANDARD = "gnu++20";
				CLANG_ENABLE_MODULES = YES;
				CLANG_ENABLE_OBJC_ARC = YES;
				CLANG_ENABLE_OBJC_WEAK = YES;
				CLANG_WARN_BLOCK_CAPTURE_AUTORELEASING = YES;
				CLANG_WARN_BOOL_CONVERSION = YES;
				CLANG_WARN_COMMA = YES;
				CLANG_WARN_CONSTANT_CONVERSION = YES;
				CLANG_WARN_DEPRECATED_OBJC_IMPLEMENTATIONS = YES;
				CLANG_WARN_DIRECT_OBJC_ISA_USAGE = YES_ERROR;
				CLANG_WARN_DOCUMENTATION_COMMENTS = YES;
				CLANG_WARN_EMPTY_BODY = YES;
				CLANG_WARN_ENUM_CONVERSION = YES;
				CLANG_WARN_INFINITE_RECURSION = YES;
				CLANG_WARN_INT_CONVERSION = YES;
				CLANG_WARN_NON_LITERAL_NULL_CONVERSION = YES;
				CLANG_WARN_OBJC_IMPLICIT_RETAIN_SELF = YES;
				CLANG_WARN_OBJC_LITERAL_CONVERSION = YES;
				CLANG_WARN_OBJC_ROOT_CLASS = YES_ERROR;
				CLANG_WARN_QUOTED_INCLUDE_IN_FRAMEWORK_HEADER = YES;
				CLANG_WARN_RANGE_LOOP_ANALYSIS = YES;
				CLANG_WARN_STRICT_PROTOTYPES = YES;
				CLANG_WARN_SUSPICIOUS_MOVE = YES;
				CLANG_WARN_UNGUARDED_AVAILABILITY = YES_AGGRESSIVE;
				CLANG_WARN_UNREACHABLE_CODE = YES;
				CLANG_WARN__DUPLICATE_METHOD_MATCH = YES;
				COPY_PHASE_STRIP = NO;
				DEBUG_INFORMATION_FORMAT = dwarf;
				ENABLE_STRICT_OBJC_MSGSEND = YES;
				ENABLE_TESTABILITY = YES;
				GCC_C_LANGUAGE_STANDARD = gnu11;
				GCC_DYNAMIC_NO_PIC = NO;
				GCC_NO_COMMON_BLOCKS = YES;
				GCC_OPTIMIZATION_LEVEL = 0;
				GCC_PREPROCESSOR_DEFINITIONS = (
					"DEBUG=1",
					"$(inherited)",
				);
				GCC_WARN_64_TO_32_BIT_CONVERSION = YES;
				GCC_WARN_ABOUT_RETURN_TYPE = YES_ERROR;
				GCC_WARN_UNDECLARED_SELECTOR = YES;
				GCC_WARN_UNINITIALIZED_AUTOS = YES_AGGRESSIVE;
				GCC_WARN_UNUSED_FUNCTION = YES;
				GCC_WARN_UNUSED_VARIABLE = YES;
				IPHONEOS_DEPLOYMENT_TARGET = 16.2;
				MTL_ENABLE_DEBUG_INFO = INCLUDE_SOURCE;
				MTL_FAST_MATH = YES;
				ONLY_ACTIVE_ARCH = YES;
				SDKROOT = iphoneos;
				SWIFT_ACTIVE_COMPILATION_CONDITIONS = DEBUG;
				SWIFT_OPTIMIZATION_LEVEL = "-Onone";
			};
			name = Debug;
		};
		D45F04F829BACF910008E2FB /* Release */ = {
			isa = XCBuildConfiguration;
			buildSettings = {
				ALWAYS_SEARCH_USER_PATHS = NO;
				CLANG_ANALYZER_NONNULL = YES;
				CLANG_ANALYZER_NUMBER_OBJECT_CONVERSION = YES_AGGRESSIVE;
				CLANG_CXX_LANGUAGE_STANDARD = "gnu++20";
				CLANG_ENABLE_MODULES = YES;
				CLANG_ENABLE_OBJC_ARC = YES;
				CLANG_ENABLE_OBJC_WEAK = YES;
				CLANG_WARN_BLOCK_CAPTURE_AUTORELEASING = YES;
				CLANG_WARN_BOOL_CONVERSION = YES;
				CLANG_WARN_COMMA = YES;
				CLANG_WARN_CONSTANT_CONVERSION = YES;
				CLANG_WARN_DEPRECATED_OBJC_IMPLEMENTATIONS = YES;
				CLANG_WARN_DIRECT_OBJC_ISA_USAGE = YES_ERROR;
				CLANG_WARN_DOCUMENTATION_COMMENTS = YES;
				CLANG_WARN_EMPTY_BODY = YES;
				CLANG_WARN_ENUM_CONVERSION = YES;
				CLANG_WARN_INFINITE_RECURSION = YES;
				CLANG_WARN_INT_CONVERSION = YES;
				CLANG_WARN_NON_LITERAL_NULL_CONVERSION = YES;
				CLANG_WARN_OBJC_IMPLICIT_RETAIN_SELF = YES;
				CLANG_WARN_OBJC_LITERAL_CONVERSION = YES;
				CLANG_WARN_OBJC_ROOT_CLASS = YES_ERROR;
				CLANG_WARN_QUOTED_INCLUDE_IN_FRAMEWORK_HEADER = YES;
				CLANG_WARN_RANGE_LOOP_ANALYSIS = YES;
				CLANG_WARN_STRICT_PROTOTYPES = YES;
				CLANG_WARN_SUSPICIOUS_MOVE = YES;
				CLANG_WARN_UNGUARDED_AVAILABILITY = YES_AGGRESSIVE;
				CLANG_WARN_UNREACHABLE_CODE = YES;
				CLANG_WARN__DUPLICATE_METHOD_MATCH = YES;
				COPY_PHASE_STRIP = NO;
				DEBUG_INFORMATION_FORMAT = "dwarf-with-dsym";
				ENABLE_NS_ASSERTIONS = NO;
				ENABLE_STRICT_OBJC_MSGSEND = YES;
				GCC_C_LANGUAGE_STANDARD = gnu11;
				GCC_NO_COMMON_BLOCKS = YES;
				GCC_WARN_64_TO_32_BIT_CONVERSION = YES;
				GCC_WARN_ABOUT_RETURN_TYPE = YES_ERROR;
				GCC_WARN_UNDECLARED_SELECTOR = YES;
				GCC_WARN_UNINITIALIZED_AUTOS = YES_AGGRESSIVE;
				GCC_WARN_UNUSED_FUNCTION = YES;
				GCC_WARN_UNUSED_VARIABLE = YES;
				IPHONEOS_DEPLOYMENT_TARGET = 16.2;
				MTL_ENABLE_DEBUG_INFO = NO;
				MTL_FAST_MATH = YES;
				SDKROOT = iphoneos;
				SWIFT_COMPILATION_MODE = wholemodule;
				SWIFT_OPTIMIZATION_LEVEL = "-O";
				VALIDATE_PRODUCT = YES;
			};
			name = Release;
		};
		D45F04FA29BACF910008E2FB /* Debug */ = {
			isa = XCBuildConfiguration;
			baseConfigurationReference = B5F64DDB9B22BFF7117889B3 /* Pods-Spotify-Clone.debug.xcconfig */;
			buildSettings = {
				ASSETCATALOG_COMPILER_APPICON_NAME = AppIcon;
				ASSETCATALOG_COMPILER_GLOBAL_ACCENT_COLOR_NAME = AccentColor;
				CODE_SIGN_STYLE = Automatic;
				CURRENT_PROJECT_VERSION = 1;
				DEVELOPMENT_TEAM = 373Z282HAT;
				GENERATE_INFOPLIST_FILE = YES;
				INFOPLIST_FILE = "Spotify-Clone/Info.plist";
				INFOPLIST_KEY_UIApplicationSupportsIndirectInputEvents = YES;
				INFOPLIST_KEY_UILaunchStoryboardName = LaunchScreen;
				INFOPLIST_KEY_UIMainStoryboardFile = "";
				INFOPLIST_KEY_UISupportedInterfaceOrientations_iPad = "UIInterfaceOrientationPortrait UIInterfaceOrientationPortraitUpsideDown UIInterfaceOrientationLandscapeLeft UIInterfaceOrientationLandscapeRight";
				INFOPLIST_KEY_UISupportedInterfaceOrientations_iPhone = "UIInterfaceOrientationPortrait UIInterfaceOrientationLandscapeLeft UIInterfaceOrientationLandscapeRight";
				IPHONEOS_DEPLOYMENT_TARGET = 14.0;
				LD_RUNPATH_SEARCH_PATHS = (
					"$(inherited)",
					"@executable_path/Frameworks",
				);
				MARKETING_VERSION = 1.0;
				PRODUCT_BUNDLE_IDENTIFIER = "com.hakanbaran.Spotify-Clone";
				PRODUCT_NAME = "$(TARGET_NAME)";
				SWIFT_EMIT_LOC_STRINGS = YES;
				SWIFT_VERSION = 5.0;
				TARGETED_DEVICE_FAMILY = "1,2";
			};
			name = Debug;
		};
		D45F04FB29BACF910008E2FB /* Release */ = {
			isa = XCBuildConfiguration;
			baseConfigurationReference = 90FD213E79C199753A156DE9 /* Pods-Spotify-Clone.release.xcconfig */;
			buildSettings = {
				ASSETCATALOG_COMPILER_APPICON_NAME = AppIcon;
				ASSETCATALOG_COMPILER_GLOBAL_ACCENT_COLOR_NAME = AccentColor;
				CODE_SIGN_STYLE = Automatic;
				CURRENT_PROJECT_VERSION = 1;
				DEVELOPMENT_TEAM = 373Z282HAT;
				GENERATE_INFOPLIST_FILE = YES;
				INFOPLIST_FILE = "Spotify-Clone/Info.plist";
				INFOPLIST_KEY_UIApplicationSupportsIndirectInputEvents = YES;
				INFOPLIST_KEY_UILaunchStoryboardName = LaunchScreen;
				INFOPLIST_KEY_UIMainStoryboardFile = "";
				INFOPLIST_KEY_UISupportedInterfaceOrientations_iPad = "UIInterfaceOrientationPortrait UIInterfaceOrientationPortraitUpsideDown UIInterfaceOrientationLandscapeLeft UIInterfaceOrientationLandscapeRight";
				INFOPLIST_KEY_UISupportedInterfaceOrientations_iPhone = "UIInterfaceOrientationPortrait UIInterfaceOrientationLandscapeLeft UIInterfaceOrientationLandscapeRight";
				IPHONEOS_DEPLOYMENT_TARGET = 14.0;
				LD_RUNPATH_SEARCH_PATHS = (
					"$(inherited)",
					"@executable_path/Frameworks",
				);
				MARKETING_VERSION = 1.0;
				PRODUCT_BUNDLE_IDENTIFIER = "com.hakanbaran.Spotify-Clone";
				PRODUCT_NAME = "$(TARGET_NAME)";
				SWIFT_EMIT_LOC_STRINGS = YES;
				SWIFT_VERSION = 5.0;
				TARGETED_DEVICE_FAMILY = "1,2";
			};
			name = Release;
		};
/* End XCBuildConfiguration section */

/* Begin XCConfigurationList section */
		D45F04E029BACF910008E2FB /* Build configuration list for PBXProject "Spotify-Clone" */ = {
			isa = XCConfigurationList;
			buildConfigurations = (
				D45F04F729BACF910008E2FB /* Debug */,
				D45F04F829BACF910008E2FB /* Release */,
			);
			defaultConfigurationIsVisible = 0;
			defaultConfigurationName = Release;
		};
		D45F04F929BACF910008E2FB /* Build configuration list for PBXNativeTarget "Spotify-Clone" */ = {
			isa = XCConfigurationList;
			buildConfigurations = (
				D45F04FA29BACF910008E2FB /* Debug */,
				D45F04FB29BACF910008E2FB /* Release */,
			);
			defaultConfigurationIsVisible = 0;
			defaultConfigurationName = Release;
		};
/* End XCConfigurationList section */
	};
	rootObject = D45F04DD29BACF910008E2FB /* Project object */;
}
